// !$*UTF8*$!
{
	archiveVersion = 1;
	classes = {
	};
	objectVersion = 46;
	objects = {

/* Begin PBXBuildFile section */
		6F10BE801BE60D9000C70D91 /* readme.md in Sources */ = {isa = PBXBuildFile; fileRef = 6F10BE371BE60D9000C70D91 /* readme.md */; settings = {ASSET_TAGS = (); }; };
		6F10BE811BE60D9000C70D91 /* roadmap.md in Sources */ = {isa = PBXBuildFile; fileRef = 6F10BE381BE60D9000C70D91 /* roadmap.md */; settings = {ASSET_TAGS = (); }; };
		6F10BE821BE60D9000C70D91 /* ofxDatGuiComponent.cpp in Sources */ = {isa = PBXBuildFile; fileRef = 6F10BE481BE60D9000C70D91 /* ofxDatGuiComponent.cpp */; settings = {ASSET_TAGS = (); }; };
		6F10BE831BE60D9000C70D91 /* ofxDatGui.cpp in Sources */ = {isa = PBXBuildFile; fileRef = 6F10BE4E1BE60D9000C70D91 /* ofxDatGui.cpp */; settings = {ASSET_TAGS = (); }; };
		6F590DA31BE3F130001139AD /* Final.cpp in Sources */ = {isa = PBXBuildFile; fileRef = 6F590DA11BE3F130001139AD /* Final.cpp */; settings = {ASSET_TAGS = (); }; };
		6FBEAC711BCEFFDB00A33DED /* Intro.cpp in Sources */ = {isa = PBXBuildFile; fileRef = 6FBEAC601BCEFFDB00A33DED /* Intro.cpp */; settings = {ASSET_TAGS = (); }; };
		6FBEAC721BCEFFDB00A33DED /* Letter.cpp in Sources */ = {isa = PBXBuildFile; fileRef = 6FBEAC621BCEFFDB00A33DED /* Letter.cpp */; settings = {ASSET_TAGS = (); }; };
		6FBEAC731BCEFFDB00A33DED /* Lyric.cpp in Sources */ = {isa = PBXBuildFile; fileRef = 6FBEAC641BCEFFDB00A33DED /* Lyric.cpp */; settings = {ASSET_TAGS = (); }; };
		6FBEAC741BCEFFDB00A33DED /* main.cpp in Sources */ = {isa = PBXBuildFile; fileRef = 6FBEAC661BCEFFDB00A33DED /* main.cpp */; settings = {ASSET_TAGS = (); }; };
		6FBEAC751BCEFFDB00A33DED /* ofApp.cpp in Sources */ = {isa = PBXBuildFile; fileRef = 6FBEAC671BCEFFDB00A33DED /* ofApp.cpp */; settings = {ASSET_TAGS = (); }; };
		6FBEAC761BCEFFDB00A33DED /* Parser.cpp in Sources */ = {isa = PBXBuildFile; fileRef = 6FBEAC691BCEFFDB00A33DED /* Parser.cpp */; settings = {ASSET_TAGS = (); }; };
		6FBEAC771BCEFFDB00A33DED /* penner.cpp in Sources */ = {isa = PBXBuildFile; fileRef = 6FBEAC6B1BCEFFDB00A33DED /* penner.cpp */; settings = {ASSET_TAGS = (); }; };
		6FBEAC781BCEFFDB00A33DED /* Player.cpp in Sources */ = {isa = PBXBuildFile; fileRef = 6FBEAC6D1BCEFFDB00A33DED /* Player.cpp */; settings = {ASSET_TAGS = (); }; };
		6FBEAC791BCEFFDB00A33DED /* Score.cpp in Sources */ = {isa = PBXBuildFile; fileRef = 6FBEAC6F1BCEFFDB00A33DED /* Score.cpp */; settings = {ASSET_TAGS = (); }; };
		E4328149138ABC9F0047C5CB /* openFrameworksDebug.a in Frameworks */ = {isa = PBXBuildFile; fileRef = E4328148138ABC890047C5CB /* openFrameworksDebug.a */; };
/* End PBXBuildFile section */

/* Begin PBXContainerItemProxy section */
		E4328147138ABC890047C5CB /* PBXContainerItemProxy */ = {
			isa = PBXContainerItemProxy;
			containerPortal = E4328143138ABC890047C5CB /* openFrameworksLib.xcodeproj */;
			proxyType = 2;
			remoteGlobalIDString = E4B27C1510CBEB8E00536013;
			remoteInfo = openFrameworks;
		};
		E4EEB9AB138B136A00A80321 /* PBXContainerItemProxy */ = {
			isa = PBXContainerItemProxy;
			containerPortal = E4328143138ABC890047C5CB /* openFrameworksLib.xcodeproj */;
			proxyType = 1;
			remoteGlobalIDString = E4B27C1410CBEB8E00536013;
			remoteInfo = openFrameworks;
		};
/* End PBXContainerItemProxy section */

/* Begin PBXCopyFilesBuildPhase section */
		E4C2427710CC5ABF004149E2 /* CopyFiles */ = {
			isa = PBXCopyFilesBuildPhase;
			buildActionMask = 2147483647;
			dstPath = "";
			dstSubfolderSpec = 10;
			files = (
			);
			runOnlyForDeploymentPostprocessing = 0;
		};
/* End PBXCopyFilesBuildPhase section */

/* Begin PBXFileReference section */
		6F10BCCF1BE60D9000C70D91 /* .gitignore */ = {isa = PBXFileReference; fileEncoding = 4; lastKnownFileType = text; path = .gitignore; sourceTree = "<group>"; };
		6F10BE2F1BE60D9000C70D91 /* license.txt */ = {isa = PBXFileReference; fileEncoding = 4; lastKnownFileType = text; path = license.txt; sourceTree = "<group>"; };
		6F10BE301BE60D9000C70D91 /* ofxaddons_thumbnail.png */ = {isa = PBXFileReference; lastKnownFileType = image.png; path = ofxaddons_thumbnail.png; sourceTree = "<group>"; };
		6F10BE321BE60D9000C70D91 /* font-verdana.ttf */ = {isa = PBXFileReference; lastKnownFileType = file; path = "font-verdana.ttf"; sourceTree = "<group>"; };
		6F10BE331BE60D9000C70D91 /* icon-dropdown.png */ = {isa = PBXFileReference; lastKnownFileType = image.png; path = "icon-dropdown.png"; sourceTree = "<group>"; };
		6F10BE341BE60D9000C70D91 /* icon-radio-off.png */ = {isa = PBXFileReference; lastKnownFileType = image.png; path = "icon-radio-off.png"; sourceTree = "<group>"; };
		6F10BE351BE60D9000C70D91 /* icon-radio-on.png */ = {isa = PBXFileReference; lastKnownFileType = image.png; path = "icon-radio-on.png"; sourceTree = "<group>"; };
		6F10BE361BE60D9000C70D91 /* picker-rainbow.png */ = {isa = PBXFileReference; lastKnownFileType = image.png; path = "picker-rainbow.png"; sourceTree = "<group>"; };
		6F10BE371BE60D9000C70D91 /* readme.md */ = {isa = PBXFileReference; fileEncoding = 4; lastKnownFileType = net.daringfireball.markdown; path = readme.md; sourceTree = "<group>"; };
		6F10BE381BE60D9000C70D91 /* roadmap.md */ = {isa = PBXFileReference; fileEncoding = 4; lastKnownFileType = net.daringfireball.markdown; path = roadmap.md; sourceTree = "<group>"; };
		6F10BE3B1BE60D9000C70D91 /* ofxDatGui2dPad.h */ = {isa = PBXFileReference; fileEncoding = 4; lastKnownFileType = sourcecode.c.h; path = ofxDatGui2dPad.h; sourceTree = "<group>"; };
		6F10BE3C1BE60D9000C70D91 /* ofxDatGuiButton.h */ = {isa = PBXFileReference; fileEncoding = 4; lastKnownFileType = sourcecode.c.h; path = ofxDatGuiButton.h; sourceTree = "<group>"; };
		6F10BE3D1BE60D9000C70D91 /* ofxDatGuiColorPicker.h */ = {isa = PBXFileReference; fileEncoding = 4; lastKnownFileType = sourcecode.c.h; path = ofxDatGuiColorPicker.h; sourceTree = "<group>"; };
		6F10BE3E1BE60D9000C70D91 /* ofxDatGuiControls.h */ = {isa = PBXFileReference; fileEncoding = 4; lastKnownFileType = sourcecode.c.h; path = ofxDatGuiControls.h; sourceTree = "<group>"; };
		6F10BE3F1BE60D9000C70D91 /* ofxDatGuiFRM.h */ = {isa = PBXFileReference; fileEncoding = 4; lastKnownFileType = sourcecode.c.h; path = ofxDatGuiFRM.h; sourceTree = "<group>"; };
		6F10BE401BE60D9000C70D91 /* ofxDatGuiGroups.h */ = {isa = PBXFileReference; fileEncoding = 4; lastKnownFileType = sourcecode.c.h; path = ofxDatGuiGroups.h; sourceTree = "<group>"; };
		6F10BE411BE60D9000C70D91 /* ofxDatGuiLabel.h */ = {isa = PBXFileReference; fileEncoding = 4; lastKnownFileType = sourcecode.c.h; path = ofxDatGuiLabel.h; sourceTree = "<group>"; };
		6F10BE421BE60D9000C70D91 /* ofxDatGuiMatrix.h */ = {isa = PBXFileReference; fileEncoding = 4; lastKnownFileType = sourcecode.c.h; path = ofxDatGuiMatrix.h; sourceTree = "<group>"; };
		6F10BE431BE60D9000C70D91 /* ofxDatGuiSlider.h */ = {isa = PBXFileReference; fileEncoding = 4; lastKnownFileType = sourcecode.c.h; path = ofxDatGuiSlider.h; sourceTree = "<group>"; };
		6F10BE441BE60D9000C70D91 /* ofxDatGuiTextInput.h */ = {isa = PBXFileReference; fileEncoding = 4; lastKnownFileType = sourcecode.c.h; path = ofxDatGuiTextInput.h; sourceTree = "<group>"; };
		6F10BE451BE60D9000C70D91 /* ofxDatGuiTextInputField.h */ = {isa = PBXFileReference; fileEncoding = 4; lastKnownFileType = sourcecode.c.h; path = ofxDatGuiTextInputField.h; sourceTree = "<group>"; };
		6F10BE461BE60D9000C70D91 /* ofxDatGuiTimeGraph.h */ = {isa = PBXFileReference; fileEncoding = 4; lastKnownFileType = sourcecode.c.h; path = ofxDatGuiTimeGraph.h; sourceTree = "<group>"; };
		6F10BE481BE60D9000C70D91 /* ofxDatGuiComponent.cpp */ = {isa = PBXFileReference; fileEncoding = 4; lastKnownFileType = sourcecode.cpp.cpp; path = ofxDatGuiComponent.cpp; sourceTree = "<group>"; };
		6F10BE491BE60D9000C70D91 /* ofxDatGuiComponent.h */ = {isa = PBXFileReference; fileEncoding = 4; lastKnownFileType = sourcecode.c.h; path = ofxDatGuiComponent.h; sourceTree = "<group>"; };
		6F10BE4A1BE60D9000C70D91 /* ofxDatGuiConstants.h */ = {isa = PBXFileReference; fileEncoding = 4; lastKnownFileType = sourcecode.c.h; path = ofxDatGuiConstants.h; sourceTree = "<group>"; };
		6F10BE4B1BE60D9000C70D91 /* ofxDatGuiEvents.h */ = {isa = PBXFileReference; fileEncoding = 4; lastKnownFileType = sourcecode.c.h; path = ofxDatGuiEvents.h; sourceTree = "<group>"; };
		6F10BE4C1BE60D9000C70D91 /* ofxDatGuiFont.h */ = {isa = PBXFileReference; fileEncoding = 4; lastKnownFileType = sourcecode.c.h; path = ofxDatGuiFont.h; sourceTree = "<group>"; };
		6F10BE4D1BE60D9000C70D91 /* ofxDatGuiIntObject.h */ = {isa = PBXFileReference; fileEncoding = 4; lastKnownFileType = sourcecode.c.h; path = ofxDatGuiIntObject.h; sourceTree = "<group>"; };
		6F10BE4E1BE60D9000C70D91 /* ofxDatGui.cpp */ = {isa = PBXFileReference; fileEncoding = 4; lastKnownFileType = sourcecode.cpp.cpp; path = ofxDatGui.cpp; sourceTree = "<group>"; };
		6F10BE4F1BE60D9000C70D91 /* ofxDatGui.h */ = {isa = PBXFileReference; fileEncoding = 4; lastKnownFileType = sourcecode.c.h; path = ofxDatGui.h; sourceTree = "<group>"; };
		6F10BE511BE60D9000C70D91 /* ofxDatGuiTemplate.h */ = {isa = PBXFileReference; fileEncoding = 4; lastKnownFileType = sourcecode.c.h; path = ofxDatGuiTemplate.h; sourceTree = "<group>"; };
		6F10BE521BE60D9000C70D91 /* ofxDatGuiTemplates.h */ = {isa = PBXFileReference; fileEncoding = 4; lastKnownFileType = sourcecode.c.h; path = ofxDatGuiTemplates.h; sourceTree = "<group>"; };
		6F22617B1BDBAEA9006627DA /* GuiTemplate.h */ = {isa = PBXFileReference; fileEncoding = 4; lastKnownFileType = sourcecode.c.h; path = GuiTemplate.h; sourceTree = "<group>"; };
		6F58DB5D1BD6DE4200B2EE75 /* .gitkeep */ = {isa = PBXFileReference; fileEncoding = 4; lastKnownFileType = text; path = .gitkeep; sourceTree = "<group>"; };
		6F58DB5E1BD6DE4200B2EE75 /* BEBAS.ttf */ = {isa = PBXFileReference; lastKnownFileType = file; path = BEBAS.ttf; sourceTree = "<group>"; };
		6F58DB5F1BD6DE4200B2EE75 /* BohemianRhapsody.lrc */ = {isa = PBXFileReference; fileEncoding = 4; lastKnownFileType = text; path = BohemianRhapsody.lrc; sourceTree = "<group>"; };
		6F58DB601BD6DE4200B2EE75 /* BohemianRhapsody.mp3 */ = {isa = PBXFileReference; lastKnownFileType = audio.mp3; path = BohemianRhapsody.mp3; sourceTree = "<group>"; };
		6F58DB621BD6DE4200B2EE75 /* font-verdana.ttf */ = {isa = PBXFileReference; lastKnownFileType = file; path = "font-verdana.ttf"; sourceTree = "<group>"; };
		6F58DB631BD6DE4200B2EE75 /* icon-dropdown.png */ = {isa = PBXFileReference; lastKnownFileType = image.png; path = "icon-dropdown.png"; sourceTree = "<group>"; };
		6F58DB641BD6DE4200B2EE75 /* icon-radio-off.png */ = {isa = PBXFileReference; lastKnownFileType = image.png; path = "icon-radio-off.png"; sourceTree = "<group>"; };
		6F58DB651BD6DE4200B2EE75 /* icon-radio-on.png */ = {isa = PBXFileReference; lastKnownFileType = image.png; path = "icon-radio-on.png"; sourceTree = "<group>"; };
		6F58DB661BD6DE4200B2EE75 /* picker-rainbow.png */ = {isa = PBXFileReference; lastKnownFileType = image.png; path = "picker-rainbow.png"; sourceTree = "<group>"; };
		6F58DB681BD6DE4200B2EE75 /* noise.frag */ = {isa = PBXFileReference; fileEncoding = 4; lastKnownFileType = sourcecode.glsl; path = noise.frag; sourceTree = "<group>"; };
		6F58DB691BD6DE4200B2EE75 /* noise.vert */ = {isa = PBXFileReference; fileEncoding = 4; lastKnownFileType = sourcecode.glsl; path = noise.vert; sourceTree = "<group>"; };
		6F58DB6B1BD6DE4200B2EE75 /* noise.frag */ = {isa = PBXFileReference; fileEncoding = 4; lastKnownFileType = sourcecode.glsl; path = noise.frag; sourceTree = "<group>"; };
		6F58DB6C1BD6DE4200B2EE75 /* noise.vert */ = {isa = PBXFileReference; fileEncoding = 4; lastKnownFileType = sourcecode.glsl; path = noise.vert; sourceTree = "<group>"; };
		6F58DB6E1BD6DE4200B2EE75 /* noise.frag */ = {isa = PBXFileReference; fileEncoding = 4; lastKnownFileType = sourcecode.glsl; path = noise.frag; sourceTree = "<group>"; };
		6F58DB6F1BD6DE4200B2EE75 /* noise.vert */ = {isa = PBXFileReference; fileEncoding = 4; lastKnownFileType = sourcecode.glsl; path = noise.vert; sourceTree = "<group>"; };
		6F58DB701BD6DE4200B2EE75 /* verdana.ttf */ = {isa = PBXFileReference; lastKnownFileType = file; path = verdana.ttf; sourceTree = "<group>"; };
		6F58DB711BD6DE4200B2EE75 /* KeyboardKaraokeDebug.app */ = {isa = PBXFileReference; lastKnownFileType = wrapper.application; path = KeyboardKaraokeDebug.app; sourceTree = "<group>"; };
		6F590DA11BE3F130001139AD /* Final.cpp */ = {isa = PBXFileReference; fileEncoding = 4; lastKnownFileType = sourcecode.cpp.cpp; path = Final.cpp; sourceTree = "<group>"; };
		6F590DA21BE3F130001139AD /* Final.h */ = {isa = PBXFileReference; fileEncoding = 4; lastKnownFileType = sourcecode.c.h; path = Final.h; sourceTree = "<group>"; };
		6F878C8E1BCF0821007811F2 /* States.h */ = {isa = PBXFileReference; fileEncoding = 4; lastKnownFileType = sourcecode.c.h; path = States.h; sourceTree = "<group>"; };
		6FBEAC601BCEFFDB00A33DED /* Intro.cpp */ = {isa = PBXFileReference; fileEncoding = 4; lastKnownFileType = sourcecode.cpp.cpp; path = Intro.cpp; sourceTree = "<group>"; };
		6FBEAC611BCEFFDB00A33DED /* Intro.h */ = {isa = PBXFileReference; fileEncoding = 4; lastKnownFileType = sourcecode.c.h; path = Intro.h; sourceTree = "<group>"; };
		6FBEAC621BCEFFDB00A33DED /* Letter.cpp */ = {isa = PBXFileReference; fileEncoding = 4; lastKnownFileType = sourcecode.cpp.cpp; path = Letter.cpp; sourceTree = "<group>"; };
		6FBEAC631BCEFFDB00A33DED /* Letter.h */ = {isa = PBXFileReference; fileEncoding = 4; lastKnownFileType = sourcecode.c.h; path = Letter.h; sourceTree = "<group>"; };
		6FBEAC641BCEFFDB00A33DED /* Lyric.cpp */ = {isa = PBXFileReference; fileEncoding = 4; lastKnownFileType = sourcecode.cpp.cpp; path = Lyric.cpp; sourceTree = "<group>"; };
		6FBEAC651BCEFFDB00A33DED /* Lyric.h */ = {isa = PBXFileReference; fileEncoding = 4; lastKnownFileType = sourcecode.c.h; path = Lyric.h; sourceTree = "<group>"; };
		6FBEAC661BCEFFDB00A33DED /* main.cpp */ = {isa = PBXFileReference; fileEncoding = 4; lastKnownFileType = sourcecode.cpp.cpp; path = main.cpp; sourceTree = "<group>"; };
		6FBEAC671BCEFFDB00A33DED /* ofApp.cpp */ = {isa = PBXFileReference; fileEncoding = 4; lastKnownFileType = sourcecode.cpp.cpp; path = ofApp.cpp; sourceTree = "<group>"; };
		6FBEAC681BCEFFDB00A33DED /* ofApp.h */ = {isa = PBXFileReference; fileEncoding = 4; lastKnownFileType = sourcecode.c.h; path = ofApp.h; sourceTree = "<group>"; };
		6FBEAC691BCEFFDB00A33DED /* Parser.cpp */ = {isa = PBXFileReference; fileEncoding = 4; lastKnownFileType = sourcecode.cpp.cpp; path = Parser.cpp; sourceTree = "<group>"; };
		6FBEAC6A1BCEFFDB00A33DED /* Parser.h */ = {isa = PBXFileReference; fileEncoding = 4; lastKnownFileType = sourcecode.c.h; path = Parser.h; sourceTree = "<group>"; };
		6FBEAC6B1BCEFFDB00A33DED /* penner.cpp */ = {isa = PBXFileReference; fileEncoding = 4; lastKnownFileType = sourcecode.cpp.cpp; path = penner.cpp; sourceTree = "<group>"; };
		6FBEAC6C1BCEFFDB00A33DED /* penner.h */ = {isa = PBXFileReference; fileEncoding = 4; lastKnownFileType = sourcecode.c.h; path = penner.h; sourceTree = "<group>"; };
		6FBEAC6D1BCEFFDB00A33DED /* Player.cpp */ = {isa = PBXFileReference; fileEncoding = 4; lastKnownFileType = sourcecode.cpp.cpp; path = Player.cpp; sourceTree = "<group>"; };
		6FBEAC6E1BCEFFDB00A33DED /* Player.h */ = {isa = PBXFileReference; fileEncoding = 4; lastKnownFileType = sourcecode.c.h; path = Player.h; sourceTree = "<group>"; };
		6FBEAC6F1BCEFFDB00A33DED /* Score.cpp */ = {isa = PBXFileReference; fileEncoding = 4; lastKnownFileType = sourcecode.cpp.cpp; path = Score.cpp; sourceTree = "<group>"; };
		6FBEAC701BCEFFDB00A33DED /* Score.h */ = {isa = PBXFileReference; fileEncoding = 4; lastKnownFileType = sourcecode.c.h; path = Score.h; sourceTree = "<group>"; };
		E4328143138ABC890047C5CB /* openFrameworksLib.xcodeproj */ = {isa = PBXFileReference; lastKnownFileType = "wrapper.pb-project"; name = openFrameworksLib.xcodeproj; path = ../../../libs/openFrameworksCompiled/project/osx/openFrameworksLib.xcodeproj; sourceTree = SOURCE_ROOT; };
		E4B69B5B0A3A1756003C02F2 /* KeyboardKaraokeDebug.app */ = {isa = PBXFileReference; explicitFileType = wrapper.application; includeInIndex = 0; path = KeyboardKaraokeDebug.app; sourceTree = BUILT_PRODUCTS_DIR; };
		E4B6FCAD0C3E899E008CF71C /* openFrameworks-Info.plist */ = {isa = PBXFileReference; fileEncoding = 30; lastKnownFileType = text.plist.xml; path = "openFrameworks-Info.plist"; sourceTree = "<group>"; };
		E4EB691F138AFCF100A09F29 /* CoreOF.xcconfig */ = {isa = PBXFileReference; fileEncoding = 4; lastKnownFileType = text.xcconfig; name = CoreOF.xcconfig; path = ../../../libs/openFrameworksCompiled/project/osx/CoreOF.xcconfig; sourceTree = SOURCE_ROOT; };
		E4EB6923138AFD0F00A09F29 /* Project.xcconfig */ = {isa = PBXFileReference; fileEncoding = 4; lastKnownFileType = text.xcconfig; path = Project.xcconfig; sourceTree = "<group>"; };
/* End PBXFileReference section */

/* Begin PBXFrameworksBuildPhase section */
		E4B69B590A3A1756003C02F2 /* Frameworks */ = {
			isa = PBXFrameworksBuildPhase;
			buildActionMask = 2147483647;
			files = (
				E4328149138ABC9F0047C5CB /* openFrameworksDebug.a in Frameworks */,
			);
			runOnlyForDeploymentPostprocessing = 0;
		};
/* End PBXFrameworksBuildPhase section */

/* Begin PBXGroup section */
		6F10BCCE1BE60D9000C70D91 /* ofxDatGui */ = {
			isa = PBXGroup;
			children = (
				6F10BCCF1BE60D9000C70D91 /* .gitignore */,
				6F10BE2F1BE60D9000C70D91 /* license.txt */,
				6F10BE301BE60D9000C70D91 /* ofxaddons_thumbnail.png */,
				6F10BE311BE60D9000C70D91 /* ofxdatgui_assets */,
				6F10BE371BE60D9000C70D91 /* readme.md */,
				6F10BE381BE60D9000C70D91 /* roadmap.md */,
				6F10BE391BE60D9000C70D91 /* src */,
			);
			path = ofxDatGui;
			sourceTree = "<group>";
		};
		6F10BE311BE60D9000C70D91 /* ofxdatgui_assets */ = {
			isa = PBXGroup;
			children = (
				6F10BE321BE60D9000C70D91 /* font-verdana.ttf */,
				6F10BE331BE60D9000C70D91 /* icon-dropdown.png */,
				6F10BE341BE60D9000C70D91 /* icon-radio-off.png */,
				6F10BE351BE60D9000C70D91 /* icon-radio-on.png */,
				6F10BE361BE60D9000C70D91 /* picker-rainbow.png */,
			);
			path = ofxdatgui_assets;
			sourceTree = "<group>";
		};
		6F10BE391BE60D9000C70D91 /* src */ = {
			isa = PBXGroup;
			children = (
				6F10BE3A1BE60D9000C70D91 /* components */,
				6F10BE471BE60D9000C70D91 /* core */,
				6F10BE4E1BE60D9000C70D91 /* ofxDatGui.cpp */,
				6F10BE4F1BE60D9000C70D91 /* ofxDatGui.h */,
				6F10BE501BE60D9000C70D91 /* templates */,
			);
			path = src;
			sourceTree = "<group>";
		};
		6F10BE3A1BE60D9000C70D91 /* components */ = {
			isa = PBXGroup;
			children = (
				6F10BE3B1BE60D9000C70D91 /* ofxDatGui2dPad.h */,
				6F10BE3C1BE60D9000C70D91 /* ofxDatGuiButton.h */,
				6F10BE3D1BE60D9000C70D91 /* ofxDatGuiColorPicker.h */,
				6F10BE3E1BE60D9000C70D91 /* ofxDatGuiControls.h */,
				6F10BE3F1BE60D9000C70D91 /* ofxDatGuiFRM.h */,
				6F10BE401BE60D9000C70D91 /* ofxDatGuiGroups.h */,
				6F10BE411BE60D9000C70D91 /* ofxDatGuiLabel.h */,
				6F10BE421BE60D9000C70D91 /* ofxDatGuiMatrix.h */,
				6F10BE431BE60D9000C70D91 /* ofxDatGuiSlider.h */,
				6F10BE441BE60D9000C70D91 /* ofxDatGuiTextInput.h */,
				6F10BE451BE60D9000C70D91 /* ofxDatGuiTextInputField.h */,
				6F10BE461BE60D9000C70D91 /* ofxDatGuiTimeGraph.h */,
			);
			path = components;
			sourceTree = "<group>";
		};
		6F10BE471BE60D9000C70D91 /* core */ = {
			isa = PBXGroup;
			children = (
				6F10BE481BE60D9000C70D91 /* ofxDatGuiComponent.cpp */,
				6F10BE491BE60D9000C70D91 /* ofxDatGuiComponent.h */,
				6F10BE4A1BE60D9000C70D91 /* ofxDatGuiConstants.h */,
				6F10BE4B1BE60D9000C70D91 /* ofxDatGuiEvents.h */,
				6F10BE4C1BE60D9000C70D91 /* ofxDatGuiFont.h */,
				6F10BE4D1BE60D9000C70D91 /* ofxDatGuiIntObject.h */,
			);
			path = core;
			sourceTree = "<group>";
		};
		6F10BE501BE60D9000C70D91 /* templates */ = {
			isa = PBXGroup;
			children = (
				6F10BE511BE60D9000C70D91 /* ofxDatGuiTemplate.h */,
				6F10BE521BE60D9000C70D91 /* ofxDatGuiTemplates.h */,
			);
			path = templates;
			sourceTree = "<group>";
		};
		6F58DB5B1BD6DE4200B2EE75 /* bin */ = {
			isa = PBXGroup;
			children = (
				6F58DB5C1BD6DE4200B2EE75 /* data */,
				6F58DB711BD6DE4200B2EE75 /* KeyboardKaraokeDebug.app */,
			);
			path = bin;
			sourceTree = "<group>";
		};
		6F58DB5C1BD6DE4200B2EE75 /* data */ = {
			isa = PBXGroup;
			children = (
				6F58DB5D1BD6DE4200B2EE75 /* .gitkeep */,
				6F58DB5E1BD6DE4200B2EE75 /* BEBAS.ttf */,
				6F58DB5F1BD6DE4200B2EE75 /* BohemianRhapsody.lrc */,
				6F58DB601BD6DE4200B2EE75 /* BohemianRhapsody.mp3 */,
				6F58DB611BD6DE4200B2EE75 /* ofxdatgui_assets */,
				6F58DB671BD6DE4200B2EE75 /* shaders */,
				6F58DB6A1BD6DE4200B2EE75 /* shaders_gl3 */,
				6F58DB6D1BD6DE4200B2EE75 /* shaders_gles */,
				6F58DB701BD6DE4200B2EE75 /* verdana.ttf */,
			);
			path = data;
			sourceTree = "<group>";
		};
		6F58DB611BD6DE4200B2EE75 /* ofxdatgui_assets */ = {
			isa = PBXGroup;
			children = (
				6F58DB621BD6DE4200B2EE75 /* font-verdana.ttf */,
				6F58DB631BD6DE4200B2EE75 /* icon-dropdown.png */,
				6F58DB641BD6DE4200B2EE75 /* icon-radio-off.png */,
				6F58DB651BD6DE4200B2EE75 /* icon-radio-on.png */,
				6F58DB661BD6DE4200B2EE75 /* picker-rainbow.png */,
			);
			path = ofxdatgui_assets;
			sourceTree = "<group>";
		};
		6F58DB671BD6DE4200B2EE75 /* shaders */ = {
			isa = PBXGroup;
			children = (
				6F58DB681BD6DE4200B2EE75 /* noise.frag */,
				6F58DB691BD6DE4200B2EE75 /* noise.vert */,
			);
			path = shaders;
			sourceTree = "<group>";
		};
		6F58DB6A1BD6DE4200B2EE75 /* shaders_gl3 */ = {
			isa = PBXGroup;
			children = (
				6F58DB6B1BD6DE4200B2EE75 /* noise.frag */,
				6F58DB6C1BD6DE4200B2EE75 /* noise.vert */,
			);
			path = shaders_gl3;
			sourceTree = "<group>";
		};
		6F58DB6D1BD6DE4200B2EE75 /* shaders_gles */ = {
			isa = PBXGroup;
			children = (
				6F58DB6E1BD6DE4200B2EE75 /* noise.frag */,
				6F58DB6F1BD6DE4200B2EE75 /* noise.vert */,
			);
			path = shaders_gles;
			sourceTree = "<group>";
		};
		BB4B014C10F69532006C3DED /* addons */ = {
			isa = PBXGroup;
			children = (
				6F10BCCE1BE60D9000C70D91 /* ofxDatGui */,
			);
			name = addons;
			sourceTree = "<group>";
		};
		E4328144138ABC890047C5CB /* Products */ = {
			isa = PBXGroup;
			children = (
				E4328148138ABC890047C5CB /* openFrameworksDebug.a */,
			);
			name = Products;
			sourceTree = "<group>";
		};
		E4B69B4A0A3A1720003C02F2 = {
			isa = PBXGroup;
			children = (
				6F58DB5B1BD6DE4200B2EE75 /* bin */,
				E4B6FCAD0C3E899E008CF71C /* openFrameworks-Info.plist */,
				E4EB6923138AFD0F00A09F29 /* Project.xcconfig */,
				E4B69E1C0A3A1BDC003C02F2 /* src */,
				E4EEC9E9138DF44700A80321 /* openFrameworks */,
				BB4B014C10F69532006C3DED /* addons */,
				E4B69B5B0A3A1756003C02F2 /* KeyboardKaraokeDebug.app */,
			);
			sourceTree = "<group>";
		};
		E4B69E1C0A3A1BDC003C02F2 /* src */ = {
			isa = PBXGroup;
			children = (
				6FBEAC601BCEFFDB00A33DED /* Intro.cpp */,
				6FBEAC611BCEFFDB00A33DED /* Intro.h */,
				6FBEAC621BCEFFDB00A33DED /* Letter.cpp */,
				6FBEAC631BCEFFDB00A33DED /* Letter.h */,
				6FBEAC641BCEFFDB00A33DED /* Lyric.cpp */,
				6FBEAC651BCEFFDB00A33DED /* Lyric.h */,
				6FBEAC661BCEFFDB00A33DED /* main.cpp */,
				6FBEAC671BCEFFDB00A33DED /* ofApp.cpp */,
				6FBEAC681BCEFFDB00A33DED /* ofApp.h */,
				6FBEAC691BCEFFDB00A33DED /* Parser.cpp */,
				6FBEAC6A1BCEFFDB00A33DED /* Parser.h */,
				6FBEAC6B1BCEFFDB00A33DED /* penner.cpp */,
				6FBEAC6C1BCEFFDB00A33DED /* penner.h */,
				6FBEAC6D1BCEFFDB00A33DED /* Player.cpp */,
				6FBEAC6E1BCEFFDB00A33DED /* Player.h */,
				6FBEAC6F1BCEFFDB00A33DED /* Score.cpp */,
				6FBEAC701BCEFFDB00A33DED /* Score.h */,
				6F878C8E1BCF0821007811F2 /* States.h */,
				6F22617B1BDBAEA9006627DA /* GuiTemplate.h */,
				6F590DA11BE3F130001139AD /* Final.cpp */,
				6F590DA21BE3F130001139AD /* Final.h */,
			);
			path = src;
			sourceTree = SOURCE_ROOT;
		};
		E4EEC9E9138DF44700A80321 /* openFrameworks */ = {
			isa = PBXGroup;
			children = (
				E4EB691F138AFCF100A09F29 /* CoreOF.xcconfig */,
				E4328143138ABC890047C5CB /* openFrameworksLib.xcodeproj */,
			);
			name = openFrameworks;
			sourceTree = "<group>";
		};
/* End PBXGroup section */

/* Begin PBXNativeTarget section */
		E4B69B5A0A3A1756003C02F2 /* KeyboardKaraoke */ = {
			isa = PBXNativeTarget;
			buildConfigurationList = E4B69B5F0A3A1757003C02F2 /* Build configuration list for PBXNativeTarget "KeyboardKaraoke" */;
			buildPhases = (
				E4B69B580A3A1756003C02F2 /* Sources */,
				E4B69B590A3A1756003C02F2 /* Frameworks */,
				E4B6FFFD0C3F9AB9008CF71C /* ShellScript */,
				E4C2427710CC5ABF004149E2 /* CopyFiles */,
			);
			buildRules = (
			);
			dependencies = (
				E4EEB9AC138B136A00A80321 /* PBXTargetDependency */,
			);
			name = KeyboardKaraoke;
			productName = myOFApp;
			productReference = E4B69B5B0A3A1756003C02F2 /* KeyboardKaraokeDebug.app */;
			productType = "com.apple.product-type.application";
		};
/* End PBXNativeTarget section */

/* Begin PBXProject section */
		E4B69B4C0A3A1720003C02F2 /* Project object */ = {
			isa = PBXProject;
			attributes = {
				LastUpgradeCheck = 0600;
			};
			buildConfigurationList = E4B69B4D0A3A1720003C02F2 /* Build configuration list for PBXProject "KeyboardKaraoke" */;
			compatibilityVersion = "Xcode 3.2";
			developmentRegion = English;
			hasScannedForEncodings = 0;
			knownRegions = (
				English,
				Japanese,
				French,
				German,
			);
			mainGroup = E4B69B4A0A3A1720003C02F2;
			productRefGroup = E4B69B4A0A3A1720003C02F2;
			projectDirPath = "";
			projectReferences = (
				{
					ProductGroup = E4328144138ABC890047C5CB /* Products */;
					ProjectRef = E4328143138ABC890047C5CB /* openFrameworksLib.xcodeproj */;
				},
			);
			projectRoot = "";
			targets = (
				E4B69B5A0A3A1756003C02F2 /* KeyboardKaraoke */,
			);
		};
/* End PBXProject section */

/* Begin PBXReferenceProxy section */
		E4328148138ABC890047C5CB /* openFrameworksDebug.a */ = {
			isa = PBXReferenceProxy;
			fileType = archive.ar;
			path = openFrameworksDebug.a;
			remoteRef = E4328147138ABC890047C5CB /* PBXContainerItemProxy */;
			sourceTree = BUILT_PRODUCTS_DIR;
		};
/* End PBXReferenceProxy section */

/* Begin PBXShellScriptBuildPhase section */
		E4B6FFFD0C3F9AB9008CF71C /* ShellScript */ = {
			isa = PBXShellScriptBuildPhase;
			buildActionMask = 2147483647;
			files = (
			);
			inputPaths = (
			);
			outputPaths = (
			);
			runOnlyForDeploymentPostprocessing = 0;
			shellPath = /bin/sh;
			shellScript = "rsync -aved ../../../libs/fmodex/lib/osx/libfmodex.dylib \"$TARGET_BUILD_DIR/$PRODUCT_NAME.app/Contents/MacOS/\"; install_name_tool -change ./libfmodex.dylib @executable_path/libfmodex.dylib \"$TARGET_BUILD_DIR/$PRODUCT_NAME.app/Contents/MacOS/$PRODUCT_NAME\";\nmkdir -p \"$TARGET_BUILD_DIR/$PRODUCT_NAME.app/Contents/Resources/\"\nrsync -aved \"$ICON_FILE\" \"$TARGET_BUILD_DIR/$PRODUCT_NAME.app/Contents/Resources/\"\nrsync -aved ../../../libs/glut/lib/osx/GLUT.framework \"$TARGET_BUILD_DIR/$PRODUCT_NAME.app/Contents/Frameworks/\"\n";
		};
/* End PBXShellScriptBuildPhase section */

/* Begin PBXSourcesBuildPhase section */
		E4B69B580A3A1756003C02F2 /* Sources */ = {
			isa = PBXSourcesBuildPhase;
			buildActionMask = 2147483647;
			files = (
				6F10BE821BE60D9000C70D91 /* ofxDatGuiComponent.cpp in Sources */,
				6F10BE831BE60D9000C70D91 /* ofxDatGui.cpp in Sources */,
				6FBEAC761BCEFFDB00A33DED /* Parser.cpp in Sources */,
				6FBEAC751BCEFFDB00A33DED /* ofApp.cpp in Sources */,
				6FBEAC711BCEFFDB00A33DED /* Intro.cpp in Sources */,
				6F590DA31BE3F130001139AD /* Final.cpp in Sources */,
				6FBEAC781BCEFFDB00A33DED /* Player.cpp in Sources */,
				6FBEAC741BCEFFDB00A33DED /* main.cpp in Sources */,
				6F10BE811BE60D9000C70D91 /* roadmap.md in Sources */,
				6FBEAC791BCEFFDB00A33DED /* Score.cpp in Sources */,
				6FBEAC731BCEFFDB00A33DED /* Lyric.cpp in Sources */,
				6FBEAC721BCEFFDB00A33DED /* Letter.cpp in Sources */,
				6F10BE801BE60D9000C70D91 /* readme.md in Sources */,
				6FBEAC771BCEFFDB00A33DED /* penner.cpp in Sources */,
			);
			runOnlyForDeploymentPostprocessing = 0;
		};
/* End PBXSourcesBuildPhase section */

/* Begin PBXTargetDependency section */
		E4EEB9AC138B136A00A80321 /* PBXTargetDependency */ = {
			isa = PBXTargetDependency;
			name = openFrameworks;
			targetProxy = E4EEB9AB138B136A00A80321 /* PBXContainerItemProxy */;
		};
/* End PBXTargetDependency section */

/* Begin XCBuildConfiguration section */
		E4B69B4E0A3A1720003C02F2 /* Debug */ = {
			isa = XCBuildConfiguration;
			baseConfigurationReference = E4EB6923138AFD0F00A09F29 /* Project.xcconfig */;
			buildSettings = {
				CONFIGURATION_BUILD_DIR = "$(SRCROOT)/bin/";
				COPY_PHASE_STRIP = NO;
				DEAD_CODE_STRIPPING = YES;
				GCC_AUTO_VECTORIZATION = YES;
				GCC_ENABLE_SSE3_EXTENSIONS = YES;
				GCC_ENABLE_SUPPLEMENTAL_SSE3_INSTRUCTIONS = YES;
				GCC_INLINES_ARE_PRIVATE_EXTERN = NO;
				GCC_OPTIMIZATION_LEVEL = 0;
				GCC_SYMBOLS_PRIVATE_EXTERN = NO;
				GCC_WARN_ABOUT_DEPRECATED_FUNCTIONS = YES;
				GCC_WARN_ABOUT_INVALID_OFFSETOF_MACRO = NO;
				GCC_WARN_ALLOW_INCOMPLETE_PROTOCOL = NO;
				GCC_WARN_UNINITIALIZED_AUTOS = NO;
				GCC_WARN_UNUSED_VALUE = NO;
				GCC_WARN_UNUSED_VARIABLE = NO;
				HEADER_SEARCH_PATHS = (
					"$(OF_CORE_HEADERS)",
					../../../addons/ofxDatGui/libs,
					../../../addons/ofxDatGui/src,
					../../../addons/ofxDatGui/src/components,
					../../../addons/ofxDatGui/src/core,
					../../../addons/ofxDatGui/src/templates,
				);
				MACOSX_DEPLOYMENT_TARGET = 10.8;
				ONLY_ACTIVE_ARCH = YES;
				OTHER_CPLUSPLUSFLAGS = (
					"-D__MACOSX_CORE__",
					"-mtune=native",
				);
				SDKROOT = macosx;
			};
			name = Debug;
		};
		E4B69B4F0A3A1720003C02F2 /* Release */ = {
			isa = XCBuildConfiguration;
			baseConfigurationReference = E4EB6923138AFD0F00A09F29 /* Project.xcconfig */;
			buildSettings = {
				CONFIGURATION_BUILD_DIR = "$(SRCROOT)/bin/";
				COPY_PHASE_STRIP = YES;
				DEAD_CODE_STRIPPING = YES;
				GCC_AUTO_VECTORIZATION = YES;
				GCC_ENABLE_SSE3_EXTENSIONS = YES;
				GCC_ENABLE_SUPPLEMENTAL_SSE3_INSTRUCTIONS = YES;
				GCC_INLINES_ARE_PRIVATE_EXTERN = NO;
				GCC_OPTIMIZATION_LEVEL = 3;
				GCC_SYMBOLS_PRIVATE_EXTERN = NO;
				GCC_UNROLL_LOOPS = YES;
				GCC_WARN_ABOUT_DEPRECATED_FUNCTIONS = YES;
				GCC_WARN_ABOUT_INVALID_OFFSETOF_MACRO = NO;
				GCC_WARN_ALLOW_INCOMPLETE_PROTOCOL = NO;
				GCC_WARN_UNINITIALIZED_AUTOS = NO;
				GCC_WARN_UNUSED_VALUE = NO;
				GCC_WARN_UNUSED_VARIABLE = NO;
				HEADER_SEARCH_PATHS = (
					"$(OF_CORE_HEADERS)",
					../../../addons/ofxDatGui/libs,
					../../../addons/ofxDatGui/src,
					../../../addons/ofxDatGui/src/components,
					../../../addons/ofxDatGui/src/core,
					../../../addons/ofxDatGui/src/templates,
				);
				MACOSX_DEPLOYMENT_TARGET = 10.8;
				OTHER_CPLUSPLUSFLAGS = (
					"-D__MACOSX_CORE__",
					"-mtune=native",
				);
				SDKROOT = macosx;
			};
			name = Release;
		};
		E4B69B600A3A1757003C02F2 /* Debug */ = {
			isa = XCBuildConfiguration;
			baseConfigurationReference = E4EB6923138AFD0F00A09F29 /* Project.xcconfig */;
			buildSettings = {
				COMBINE_HIDPI_IMAGES = YES;
				COPY_PHASE_STRIP = NO;
				FRAMEWORK_SEARCH_PATHS = (
					"$(inherited)",
					"$(FRAMEWORK_SEARCH_PATHS_QUOTED_FOR_TARGET_1)",
				);
				FRAMEWORK_SEARCH_PATHS_QUOTED_FOR_TARGET_1 = "\"$(SRCROOT)/../../../libs/glut/lib/osx\"";
				GCC_DYNAMIC_NO_PIC = NO;
				GCC_GENERATE_DEBUGGING_SYMBOLS = YES;
				GCC_MODEL_TUNING = NONE;
				HEADER_SEARCH_PATHS = (
					"$(OF_CORE_HEADERS)",
					../../../addons/ofxDatGui/libs,
					../../../addons/ofxDatGui/src,
					../../../addons/ofxDatGui/src/components,
					../../../addons/ofxDatGui/src/core,
					../../../addons/ofxDatGui/src/templates,
				);
				ICON = "$(ICON_NAME_DEBUG)";
				ICON_FILE = "$(ICON_FILE_PATH)$(ICON)";
				INFOPLIST_FILE = "openFrameworks-Info.plist";
				INSTALL_PATH = "$(HOME)/Applications";
				LIBRARY_SEARCH_PATHS = "$(inherited)";
				PRODUCT_NAME = "$(TARGET_NAME)Debug";
				WRAPPER_EXTENSION = app;
			};
			name = Debug;
		};
		E4B69B610A3A1757003C02F2 /* Release */ = {
			isa = XCBuildConfiguration;
			baseConfigurationReference = E4EB6923138AFD0F00A09F29 /* Project.xcconfig */;
			buildSettings = {
				COMBINE_HIDPI_IMAGES = YES;
				COPY_PHASE_STRIP = YES;
				FRAMEWORK_SEARCH_PATHS = (
					"$(inherited)",
					"$(FRAMEWORK_SEARCH_PATHS_QUOTED_FOR_TARGET_1)",
				);
				FRAMEWORK_SEARCH_PATHS_QUOTED_FOR_TARGET_1 = "\"$(SRCROOT)/../../../libs/glut/lib/osx\"";
				GCC_GENERATE_DEBUGGING_SYMBOLS = YES;
				GCC_MODEL_TUNING = NONE;
				HEADER_SEARCH_PATHS = (
					"$(OF_CORE_HEADERS)",
					../../../addons/ofxDatGui/libs,
					../../../addons/ofxDatGui/src,
					../../../addons/ofxDatGui/src/components,
					../../../addons/ofxDatGui/src/core,
					../../../addons/ofxDatGui/src/templates,
				);
				ICON = "$(ICON_NAME_RELEASE)";
				ICON_FILE = "$(ICON_FILE_PATH)$(ICON)";
				INFOPLIST_FILE = "openFrameworks-Info.plist";
				INSTALL_PATH = "$(HOME)/Applications";
				LIBRARY_SEARCH_PATHS = "$(inherited)";
				PRODUCT_NAME = "$(TARGET_NAME)";
				WRAPPER_EXTENSION = app;
				baseConfigurationReference = E4EB6923138AFD0F00A09F29;
			};
			name = Release;
		};
/* End XCBuildConfiguration section */

/* Begin XCConfigurationList section */
		E4B69B4D0A3A1720003C02F2 /* Build configuration list for PBXProject "KeyboardKaraoke" */ = {
			isa = XCConfigurationList;
			buildConfigurations = (
				E4B69B4E0A3A1720003C02F2 /* Debug */,
				E4B69B4F0A3A1720003C02F2 /* Release */,
			);
			defaultConfigurationIsVisible = 0;
			defaultConfigurationName = Release;
		};
		E4B69B5F0A3A1757003C02F2 /* Build configuration list for PBXNativeTarget "KeyboardKaraoke" */ = {
			isa = XCConfigurationList;
			buildConfigurations = (
				E4B69B600A3A1757003C02F2 /* Debug */,
				E4B69B610A3A1757003C02F2 /* Release */,
			);
			defaultConfigurationIsVisible = 0;
			defaultConfigurationName = Release;
		};
/* End XCConfigurationList section */
	};
	rootObject = E4B69B4C0A3A1720003C02F2 /* Project object */;
}
